
Microsoft Visual Studio Solution File, Format Version 12.00
# Visual Studio Version 17
VisualStudioVersion = 17.0.32014.148
MinimumVisualStudioVersion = 10.0.40219.1
Project("{FAE04EC0-301F-11D3-BF4B-00C04F79EFBC}") = "Boids Simulation 2D", "Boids Simulation 2D\Boids Simulation 2D.csproj", "{04A110D5-33F5-4E2E-A9F7-B241AC56196B}"
EndProject
Global
	GlobalSection(SolutionConfigurationPlatforms) = preSolution
		Debug|Any CPU = Debug|Any CPU
		Release|Any CPU = Release|Any CPU
	EndGlobalSection
	GlobalSection(ProjectConfigurationPlatforms) = postSolution
		{04A110D5-33F5-4E2E-A9F7-B241AC56196B}.Debug|Any CPU.ActiveCfg = Debug|Any CPU
		{04A110D5-33F5-4E2E-A9F7-B241AC56196B}.Debug|Any CPU.Build.0 = Debug|Any CPU
		{04A110D5-33F5-4E2E-A9F7-B241AC56196B}.Release|Any CPU.ActiveCfg = Release|Any CPU
		{04A110D5-33F5-4E2E-A9F7-B241AC56196B}.Release|Any CPU.Build.0 = Release|Any CPU
	EndGlobalSection
	GlobalSection(SolutionProperties) = preSolution
		HideSolutionNode = FALSE
	EndGlobalSection
	GlobalSection(ExtensibilityGlobals) = postSolution
		SolutionGuid = {F157F126-F15A-471C-9010-7414008CE45D}
	EndGlobalSection
EndGlobal
